
Microsoft Visual Studio Solution File, Format Version 12.00
# Visual Studio Version 16
VisualStudioVersion = 16.0.30804.86
MinimumVisualStudioVersion = 10.0.40219.1
Project("{9A19103F-16F7-4668-BE54-9A1E7A4F7556}") = "LinqHW", "LinqHW.csproj", "{B5E93783-1131-4117-8D5A-2A6B5851B8E6}"
EndProject
Project("{2150E333-8FDC-42A3-9474-1A3956D46DE8}") = "Solution Items", "Solution Items", "{DF9747F9-8B15-41A3-AABB-119462154B0C}"
	ProjectSection(SolutionItems) = preProject
		.editorconfig = .editorconfig
	EndProjectSection
EndProject
Global
	GlobalSection(SolutionConfigurationPlatforms) = preSolution
		Debug|Any CPU = Debug|Any CPU
		Release|Any CPU = Release|Any CPU
	EndGlobalSection
	GlobalSection(ProjectConfigurationPlatforms) = postSolution
		{B5E93783-1131-4117-8D5A-2A6B5851B8E6}.Debug|Any CPU.ActiveCfg = Debug|Any CPU
		{B5E93783-1131-4117-8D5A-2A6B5851B8E6}.Debug|Any CPU.Build.0 = Debug|Any CPU
		{B5E93783-1131-4117-8D5A-2A6B5851B8E6}.Release|Any CPU.ActiveCfg = Release|Any CPU
		{B5E93783-1131-4117-8D5A-2A6B5851B8E6}.Release|Any CPU.Build.0 = Release|Any CPU
	EndGlobalSection
	GlobalSection(SolutionProperties) = preSolution
		HideSolutionNode = FALSE
	EndGlobalSection
	GlobalSection(ExtensibilityGlobals) = postSolution
		SolutionGuid = {FB054F22-B8C0-446B-AA6A-22B30AA6F077}
	EndGlobalSection
EndGlobal
